
Microsoft Visual Studio Solution File, Format Version 12.00
# Visual Studio Version 16
VisualStudioVersion = 16.0.29609.76
MinimumVisualStudioVersion = 10.0.40219.1
Project("{FAE04EC0-301F-11D3-BF4B-00C04F79EFBC}") = "PictureManager", "PictureManager\PictureManager.csproj", "{DA76DDA4-5D64-4C6A-88D8-D567C23AD5A0}"
EndProject
Global
	GlobalSection(SolutionConfigurationPlatforms) = preSolution
		Debug|Any CPU = Debug|Any CPU
		Release|Any CPU = Release|Any CPU
	EndGlobalSection
	GlobalSection(ProjectConfigurationPlatforms) = postSolution
		{DA76DDA4-5D64-4C6A-88D8-D567C23AD5A0}.Debug|Any CPU.ActiveCfg = Debug|Any CPU
		{DA76DDA4-5D64-4C6A-88D8-D567C23AD5A0}.Debug|Any CPU.Build.0 = Debug|Any CPU
		{DA76DDA4-5D64-4C6A-88D8-D567C23AD5A0}.Release|Any CPU.ActiveCfg = Release|Any CPU
		{DA76DDA4-5D64-4C6A-88D8-D567C23AD5A0}.Release|Any CPU.Build.0 = Release|Any CPU
	EndGlobalSection
	GlobalSection(SolutionProperties) = preSolution
		HideSolutionNode = FALSE
	EndGlobalSection
	GlobalSection(ExtensibilityGlobals) = postSolution
		SolutionGuid = {28636690-CBF1-4A41-AAC9-AEEE8D82D615}
	EndGlobalSection
EndGlobal
